{
  "name": "tic-tac-toe-app",
  "version": "1.0.0",
  "lockfileVersion": 1,
  "requires": true,
  "dependencies": {
    "@types/node": {
      "version": "14.0.1",
      "resolved": "https://registry.npmjs.org/@types/node/-/node-14.0.1.tgz",
      "integrity": "sha512-FAYBGwC+W6F9+huFIDtn43cpy7+SzG+atzRiTfdp3inUKL2hXnd4rG8hylJLIh4+hqrQy1P17kvJByE/z825hA==",
      "dev": true
    }
  }
}
